// !$*UTF8*$!
{
	archiveVersion = 1;
	classes = {
	};
	objectVersion = 46;
	objects = {

/* Begin PBXBuildFile section */
		2E03D8D41749EE7D003E1A15 /* Cocoa.framework in Frameworks */ = {isa = PBXBuildFile; fileRef = 2E03D8D31749EE7D003E1A15 /* Cocoa.framework */; };
		2E03D8DE1749EE7D003E1A15 /* InfoPlist.strings in Resources */ = {isa = PBXBuildFile; fileRef = 2E03D8DC1749EE7D003E1A15 /* InfoPlist.strings */; };
		2E03D8E01749EE7D003E1A15 /* main.m in Sources */ = {isa = PBXBuildFile; fileRef = 2E03D8DF1749EE7D003E1A15 /* main.m */; };
		2E03D8E41749EE7D003E1A15 /* Credits.rtf in Resources */ = {isa = PBXBuildFile; fileRef = 2E03D8E21749EE7D003E1A15 /* Credits.rtf */; };
		2E03D8E71749EE7D003E1A15 /* PEAppDelegate.m in Sources */ = {isa = PBXBuildFile; fileRef = 2E03D8E61749EE7D003E1A15 /* PEAppDelegate.m */; };
		2E03D8EA1749EE7D003E1A15 /* MainMenu.xib in Resources */ = {isa = PBXBuildFile; fileRef = 2E03D8E81749EE7D003E1A15 /* MainMenu.xib */; };
		2E03D8F21749EE8F003E1A15 /* PEPathNode.m in Sources */ = {isa = PBXBuildFile; fileRef = 2E03D8F11749EE8F003E1A15 /* PEPathNode.m */; };
		2E03D8F51749F041003E1A15 /* PEGrid.m in Sources */ = {isa = PBXBuildFile; fileRef = 2E03D8F41749F041003E1A15 /* PEGrid.m */; };
		2E03D8F8174A0C49003E1A15 /* PEHeuristic.m in Sources */ = {isa = PBXBuildFile; fileRef = 2E03D8F7174A0C49003E1A15 /* PEHeuristic.m */; };
		2E03D8FB174A0EC6003E1A15 /* PEPathFinder.m in Sources */ = {isa = PBXBuildFile; fileRef = 2E03D8FA174A0EC6003E1A15 /* PEPathFinder.m */; };
		2E03D8FE174A2163003E1A15 /* PEOpenList.m in Sources */ = {isa = PBXBuildFile; fileRef = 2E03D8FD174A2163003E1A15 /* PEOpenList.m */; };
		2E03D901174A23CA003E1A15 /* PEUtil.m in Sources */ = {isa = PBXBuildFile; fileRef = 2E03D900174A23CA003E1A15 /* PEUtil.m */; };
		2E03D905174B7C2E003E1A15 /* PECommonUtil.m in Sources */ = {isa = PBXBuildFile; fileRef = 2E03D904174B7C2E003E1A15 /* PECommonUtil.m */; };
		2E03D907174B7CC0003E1A15 /* QuartzCore.framework in Frameworks */ = {isa = PBXBuildFile; fileRef = 2E03D906174B7CC0003E1A15 /* QuartzCore.framework */; };
		2EF05B41174C8D910074C3BA /* NSValue+Compatibility.m in Sources */ = {isa = PBXBuildFile; fileRef = 2EF05B40174C8D910074C3BA /* NSValue+Compatibility.m */; };
		2EF05B46174CB5890074C3BA /* PEGridView.m in Sources */ = {isa = PBXBuildFile; fileRef = 2EF05B45174CB5890074C3BA /* PEGridView.m */; };
/* End PBXBuildFile section */

/* Begin PBXFileReference section */
		2E03D8D01749EE7D003E1A15 /* PathFinder.app */ = {isa = PBXFileReference; explicitFileType = wrapper.application; includeInIndex = 0; path = PathFinder.app; sourceTree = BUILT_PRODUCTS_DIR; };
		2E03D8D31749EE7D003E1A15 /* Cocoa.framework */ = {isa = PBXFileReference; lastKnownFileType = wrapper.framework; name = Cocoa.framework; path = System/Library/Frameworks/Cocoa.framework; sourceTree = SDKROOT; };
		2E03D8D61749EE7D003E1A15 /* AppKit.framework */ = {isa = PBXFileReference; lastKnownFileType = wrapper.framework; name = AppKit.framework; path = System/Library/Frameworks/AppKit.framework; sourceTree = SDKROOT; };
		2E03D8D71749EE7D003E1A15 /* CoreData.framework */ = {isa = PBXFileReference; lastKnownFileType = wrapper.framework; name = CoreData.framework; path = System/Library/Frameworks/CoreData.framework; sourceTree = SDKROOT; };
		2E03D8D81749EE7D003E1A15 /* Foundation.framework */ = {isa = PBXFileReference; lastKnownFileType = wrapper.framework; name = Foundation.framework; path = System/Library/Frameworks/Foundation.framework; sourceTree = SDKROOT; };
		2E03D8DB1749EE7D003E1A15 /* PathFinder-Info.plist */ = {isa = PBXFileReference; lastKnownFileType = text.plist.xml; path = "PathFinder-Info.plist"; sourceTree = "<group>"; };
		2E03D8DD1749EE7D003E1A15 /* en */ = {isa = PBXFileReference; lastKnownFileType = text.plist.strings; name = en; path = en.lproj/InfoPlist.strings; sourceTree = "<group>"; };
		2E03D8DF1749EE7D003E1A15 /* main.m */ = {isa = PBXFileReference; lastKnownFileType = sourcecode.c.objc; path = main.m; sourceTree = "<group>"; };
		2E03D8E11749EE7D003E1A15 /* PathFinder-Prefix.pch */ = {isa = PBXFileReference; lastKnownFileType = sourcecode.c.h; path = "PathFinder-Prefix.pch"; sourceTree = "<group>"; };
		2E03D8E31749EE7D003E1A15 /* en */ = {isa = PBXFileReference; lastKnownFileType = text.rtf; name = en; path = en.lproj/Credits.rtf; sourceTree = "<group>"; };
		2E03D8E51749EE7D003E1A15 /* PEAppDelegate.h */ = {isa = PBXFileReference; lastKnownFileType = sourcecode.c.h; path = PEAppDelegate.h; sourceTree = "<group>"; };
		2E03D8E61749EE7D003E1A15 /* PEAppDelegate.m */ = {isa = PBXFileReference; lastKnownFileType = sourcecode.c.objc; path = PEAppDelegate.m; sourceTree = "<group>"; };
		2E03D8E91749EE7D003E1A15 /* en */ = {isa = PBXFileReference; lastKnownFileType = file.xib; name = en; path = en.lproj/MainMenu.xib; sourceTree = "<group>"; };
		2E03D8F01749EE8F003E1A15 /* PEPathNode.h */ = {isa = PBXFileReference; fileEncoding = 4; lastKnownFileType = sourcecode.c.h; path = PEPathNode.h; sourceTree = "<group>"; };
		2E03D8F11749EE8F003E1A15 /* PEPathNode.m */ = {isa = PBXFileReference; fileEncoding = 4; lastKnownFileType = sourcecode.c.objc; path = PEPathNode.m; sourceTree = "<group>"; };
		2E03D8F31749F041003E1A15 /* PEGrid.h */ = {isa = PBXFileReference; fileEncoding = 4; lastKnownFileType = sourcecode.c.h; path = PEGrid.h; sourceTree = "<group>"; };
		2E03D8F41749F041003E1A15 /* PEGrid.m */ = {isa = PBXFileReference; fileEncoding = 4; lastKnownFileType = sourcecode.c.objc; path = PEGrid.m; sourceTree = "<group>"; };
		2E03D8F6174A0C49003E1A15 /* PEHeuristic.h */ = {isa = PBXFileReference; fileEncoding = 4; lastKnownFileType = sourcecode.c.h; path = PEHeuristic.h; sourceTree = "<group>"; };
		2E03D8F7174A0C49003E1A15 /* PEHeuristic.m */ = {isa = PBXFileReference; fileEncoding = 4; lastKnownFileType = sourcecode.c.objc; path = PEHeuristic.m; sourceTree = "<group>"; };
		2E03D8F9174A0EC5003E1A15 /* PEPathFinder.h */ = {isa = PBXFileReference; fileEncoding = 4; lastKnownFileType = sourcecode.c.h; path = PEPathFinder.h; sourceTree = "<group>"; };
		2E03D8FA174A0EC6003E1A15 /* PEPathFinder.m */ = {isa = PBXFileReference; fileEncoding = 4; lastKnownFileType = sourcecode.c.objc; path = PEPathFinder.m; sourceTree = "<group>"; };
		2E03D8FC174A2163003E1A15 /* PEOpenList.h */ = {isa = PBXFileReference; fileEncoding = 4; lastKnownFileType = sourcecode.c.h; path = PEOpenList.h; sourceTree = "<group>"; };
		2E03D8FD174A2163003E1A15 /* PEOpenList.m */ = {isa = PBXFileReference; fileEncoding = 4; lastKnownFileType = sourcecode.c.objc; path = PEOpenList.m; sourceTree = "<group>"; };
		2E03D8FF174A23CA003E1A15 /* PEUtil.h */ = {isa = PBXFileReference; fileEncoding = 4; lastKnownFileType = sourcecode.c.h; path = PEUtil.h; sourceTree = "<group>"; };
		2E03D900174A23CA003E1A15 /* PEUtil.m */ = {isa = PBXFileReference; fileEncoding = 4; lastKnownFileType = sourcecode.c.objc; path = PEUtil.m; sourceTree = "<group>"; };
		2E03D903174B7C2E003E1A15 /* PECommonUtil.h */ = {isa = PBXFileReference; fileEncoding = 4; lastKnownFileType = sourcecode.c.h; path = PECommonUtil.h; sourceTree = "<group>"; };
		2E03D904174B7C2E003E1A15 /* PECommonUtil.m */ = {isa = PBXFileReference; fileEncoding = 4; lastKnownFileType = sourcecode.c.objc; path = PECommonUtil.m; sourceTree = "<group>"; };
		2E03D906174B7CC0003E1A15 /* QuartzCore.framework */ = {isa = PBXFileReference; lastKnownFileType = wrapper.framework; name = QuartzCore.framework; path = System/Library/Frameworks/QuartzCore.framework; sourceTree = SDKROOT; };
		2EF05B3F174C8D910074C3BA /* NSValue+Compatibility.h */ = {isa = PBXFileReference; fileEncoding = 4; lastKnownFileType = sourcecode.c.h; path = "NSValue+Compatibility.h"; sourceTree = "<group>"; };
		2EF05B40174C8D910074C3BA /* NSValue+Compatibility.m */ = {isa = PBXFileReference; fileEncoding = 4; lastKnownFileType = sourcecode.c.objc; path = "NSValue+Compatibility.m"; sourceTree = "<group>"; };
		2EF05B44174CB5890074C3BA /* PEGridView.h */ = {isa = PBXFileReference; fileEncoding = 4; lastKnownFileType = sourcecode.c.h; path = PEGridView.h; sourceTree = "<group>"; };
		2EF05B45174CB5890074C3BA /* PEGridView.m */ = {isa = PBXFileReference; fileEncoding = 4; lastKnownFileType = sourcecode.c.objc; path = PEGridView.m; sourceTree = "<group>"; };
/* End PBXFileReference section */

/* Begin PBXFrameworksBuildPhase section */
		2E03D8CD1749EE7D003E1A15 /* Frameworks */ = {
			isa = PBXFrameworksBuildPhase;
			buildActionMask = 2147483647;
			files = (
				2E03D907174B7CC0003E1A15 /* QuartzCore.framework in Frameworks */,
				2E03D8D41749EE7D003E1A15 /* Cocoa.framework in Frameworks */,
			);
			runOnlyForDeploymentPostprocessing = 0;
		};
/* End PBXFrameworksBuildPhase section */

/* Begin PBXGroup section */
		2E03D8C71749EE7D003E1A15 = {
			isa = PBXGroup;
			children = (
				2E03D8D91749EE7D003E1A15 /* PathFinder */,
				2E03D8D21749EE7D003E1A15 /* Frameworks */,
				2E03D8D11749EE7D003E1A15 /* Products */,
			);
			sourceTree = "<group>";
		};
		2E03D8D11749EE7D003E1A15 /* Products */ = {
			isa = PBXGroup;
			children = (
				2E03D8D01749EE7D003E1A15 /* PathFinder.app */,
			);
			name = Products;
			sourceTree = "<group>";
		};
		2E03D8D21749EE7D003E1A15 /* Frameworks */ = {
			isa = PBXGroup;
			children = (
				2E03D906174B7CC0003E1A15 /* QuartzCore.framework */,
				2E03D8D31749EE7D003E1A15 /* Cocoa.framework */,
				2E03D8D51749EE7D003E1A15 /* Other Frameworks */,
			);
			name = Frameworks;
			sourceTree = "<group>";
		};
		2E03D8D51749EE7D003E1A15 /* Other Frameworks */ = {
			isa = PBXGroup;
			children = (
				2E03D8D61749EE7D003E1A15 /* AppKit.framework */,
				2E03D8D71749EE7D003E1A15 /* CoreData.framework */,
				2E03D8D81749EE7D003E1A15 /* Foundation.framework */,
			);
			name = "Other Frameworks";
			sourceTree = "<group>";
		};
		2E03D8D91749EE7D003E1A15 /* PathFinder */ = {
			isa = PBXGroup;
			children = (
				2EF05B42174CB55B0074C3BA /* Common */,
				2E03D902174B781E003E1A15 /* Finder */,
				2EF05B43174CB5710074C3BA /* UI */,
				2E03D8E51749EE7D003E1A15 /* PEAppDelegate.h */,
				2E03D8E61749EE7D003E1A15 /* PEAppDelegate.m */,
				2E03D8E81749EE7D003E1A15 /* MainMenu.xib */,
				2E03D8DA1749EE7D003E1A15 /* Supporting Files */,
			);
			path = PathFinder;
			sourceTree = "<group>";
		};
		2E03D8DA1749EE7D003E1A15 /* Supporting Files */ = {
			isa = PBXGroup;
			children = (
				2E03D8DB1749EE7D003E1A15 /* PathFinder-Info.plist */,
				2E03D8DC1749EE7D003E1A15 /* InfoPlist.strings */,
				2E03D8DF1749EE7D003E1A15 /* main.m */,
				2E03D8E11749EE7D003E1A15 /* PathFinder-Prefix.pch */,
				2E03D8E21749EE7D003E1A15 /* Credits.rtf */,
			);
			name = "Supporting Files";
			sourceTree = "<group>";
		};
		2E03D902174B781E003E1A15 /* Finder */ = {
			isa = PBXGroup;
			children = (
				2E03D8F01749EE8F003E1A15 /* PEPathNode.h */,
				2E03D8F11749EE8F003E1A15 /* PEPathNode.m */,
				2E03D8F31749F041003E1A15 /* PEGrid.h */,
				2E03D8F41749F041003E1A15 /* PEGrid.m */,
				2E03D8F6174A0C49003E1A15 /* PEHeuristic.h */,
				2E03D8F7174A0C49003E1A15 /* PEHeuristic.m */,
				2E03D8FC174A2163003E1A15 /* PEOpenList.h */,
				2E03D8FD174A2163003E1A15 /* PEOpenList.m */,
				2E03D8F9174A0EC5003E1A15 /* PEPathFinder.h */,
				2E03D8FA174A0EC6003E1A15 /* PEPathFinder.m */,
				2E03D8FF174A23CA003E1A15 /* PEUtil.h */,
				2E03D900174A23CA003E1A15 /* PEUtil.m */,
			);
			name = Finder;
			sourceTree = "<group>";
		};
		2EF05B42174CB55B0074C3BA /* Common */ = {
			isa = PBXGroup;
			children = (
				2E03D903174B7C2E003E1A15 /* PECommonUtil.h */,
				2E03D904174B7C2E003E1A15 /* PECommonUtil.m */,
				2EF05B3F174C8D910074C3BA /* NSValue+Compatibility.h */,
				2EF05B40174C8D910074C3BA /* NSValue+Compatibility.m */,
			);
			name = Common;
			sourceTree = "<group>";
		};
		2EF05B43174CB5710074C3BA /* UI */ = {
			isa = PBXGroup;
			children = (
				2EF05B44174CB5890074C3BA /* PEGridView.h */,
				2EF05B45174CB5890074C3BA /* PEGridView.m */,
			);
			name = UI;
			sourceTree = "<group>";
		};
/* End PBXGroup section */

/* Begin PBXNativeTarget section */
		2E03D8CF1749EE7D003E1A15 /* PathFinder */ = {
			isa = PBXNativeTarget;
			buildConfigurationList = 2E03D8ED1749EE7D003E1A15 /* Build configuration list for PBXNativeTarget "PathFinder" */;
			buildPhases = (
				2E03D8CC1749EE7D003E1A15 /* Sources */,
				2E03D8CD1749EE7D003E1A15 /* Frameworks */,
				2E03D8CE1749EE7D003E1A15 /* Resources */,
			);
			buildRules = (
			);
			dependencies = (
			);
			name = PathFinder;
			productName = PathFinder;
			productReference = 2E03D8D01749EE7D003E1A15 /* PathFinder.app */;
			productType = "com.apple.product-type.application";
		};
/* End PBXNativeTarget section */

/* Begin PBXProject section */
		2E03D8C81749EE7D003E1A15 /* Project object */ = {
			isa = PBXProject;
			attributes = {
				CLASSPREFIX = PE;
				LastUpgradeCheck = 0460;
				ORGANIZATIONNAME = bearkode;
			};
			buildConfigurationList = 2E03D8CB1749EE7D003E1A15 /* Build configuration list for PBXProject "PathFinder" */;
			compatibilityVersion = "Xcode 3.2";
			developmentRegion = English;
			hasScannedForEncodings = 0;
			knownRegions = (
				en,
			);
			mainGroup = 2E03D8C71749EE7D003E1A15;
			productRefGroup = 2E03D8D11749EE7D003E1A15 /* Products */;
			projectDirPath = "";
			projectRoot = "";
			targets = (
				2E03D8CF1749EE7D003E1A15 /* PathFinder */,
			);
		};
/* End PBXProject section */

/* Begin PBXResourcesBuildPhase section */
		2E03D8CE1749EE7D003E1A15 /* Resources */ = {
			isa = PBXResourcesBuildPhase;
			buildActionMask = 2147483647;
			files = (
				2E03D8DE1749EE7D003E1A15 /* InfoPlist.strings in Resources */,
				2E03D8E41749EE7D003E1A15 /* Credits.rtf in Resources */,
				2E03D8EA1749EE7D003E1A15 /* MainMenu.xib in Resources */,
			);
			runOnlyForDeploymentPostprocessing = 0;
		};
/* End PBXResourcesBuildPhase section */

/* Begin PBXSourcesBuildPhase section */
		2E03D8CC1749EE7D003E1A15 /* Sources */ = {
			isa = PBXSourcesBuildPhase;
			buildActionMask = 2147483647;
			files = (
				2E03D8E01749EE7D003E1A15 /* main.m in Sources */,
				2E03D8E71749EE7D003E1A15 /* PEAppDelegate.m in Sources */,
				2E03D8F21749EE8F003E1A15 /* PEPathNode.m in Sources */,
				2E03D8F51749F041003E1A15 /* PEGrid.m in Sources */,
				2E03D8F8174A0C49003E1A15 /* PEHeuristic.m in Sources */,
				2E03D8FB174A0EC6003E1A15 /* PEPathFinder.m in Sources */,
				2E03D8FE174A2163003E1A15 /* PEOpenList.m in Sources */,
				2E03D901174A23CA003E1A15 /* PEUtil.m in Sources */,
				2E03D905174B7C2E003E1A15 /* PECommonUtil.m in Sources */,
				2EF05B41174C8D910074C3BA /* NSValue+Compatibility.m in Sources */,
				2EF05B46174CB5890074C3BA /* PEGridView.m in Sources */,
			);
			runOnlyForDeploymentPostprocessing = 0;
		};
/* End PBXSourcesBuildPhase section */

/* Begin PBXVariantGroup section */
		2E03D8DC1749EE7D003E1A15 /* InfoPlist.strings */ = {
			isa = PBXVariantGroup;
			children = (
				2E03D8DD1749EE7D003E1A15 /* en */,
			);
			name = InfoPlist.strings;
			sourceTree = "<group>";
		};
		2E03D8E21749EE7D003E1A15 /* Credits.rtf */ = {
			isa = PBXVariantGroup;
			children = (
				2E03D8E31749EE7D003E1A15 /* en */,
			);
			name = Credits.rtf;
			sourceTree = "<group>";
		};
		2E03D8E81749EE7D003E1A15 /* MainMenu.xib */ = {
			isa = PBXVariantGroup;
			children = (
				2E03D8E91749EE7D003E1A15 /* en */,
			);
			name = MainMenu.xib;
			sourceTree = "<group>";
		};
/* End PBXVariantGroup section */

/* Begin XCBuildConfiguration section */
		2E03D8EB1749EE7D003E1A15 /* Debug */ = {
			isa = XCBuildConfiguration;
			buildSettings = {
				ALWAYS_SEARCH_USER_PATHS = NO;
				ARCHS = "$(ARCHS_STANDARD_64_BIT)";
				CLANG_CXX_LANGUAGE_STANDARD = "gnu++0x";
				CLANG_CXX_LIBRARY = "libc++";
				CLANG_WARN_CONSTANT_CONVERSION = YES;
				CLANG_WARN_EMPTY_BODY = YES;
				CLANG_WARN_ENUM_CONVERSION = YES;
				CLANG_WARN_INT_CONVERSION = YES;
				CLANG_WARN__DUPLICATE_METHOD_MATCH = YES;
				COPY_PHASE_STRIP = NO;
				GCC_C_LANGUAGE_STANDARD = gnu99;
				GCC_DYNAMIC_NO_PIC = NO;
				GCC_ENABLE_OBJC_EXCEPTIONS = YES;
				GCC_OPTIMIZATION_LEVEL = 0;
				GCC_PREPROCESSOR_DEFINITIONS = (
					"DEBUG=1",
					"$(inherited)",
				);
				GCC_SYMBOLS_PRIVATE_EXTERN = NO;
				GCC_WARN_64_TO_32_BIT_CONVERSION = YES;
				GCC_WARN_ABOUT_RETURN_TYPE = YES;
				GCC_WARN_UNINITIALIZED_AUTOS = YES;
				GCC_WARN_UNUSED_VARIABLE = YES;
				MACOSX_DEPLOYMENT_TARGET = 10.8;
				ONLY_ACTIVE_ARCH = YES;
				SDKROOT = macosx;
			};
			name = Debug;
		};
		2E03D8EC1749EE7D003E1A15 /* Release */ = {
			isa = XCBuildConfiguration;
			buildSettings = {
				ALWAYS_SEARCH_USER_PATHS = NO;
				ARCHS = "$(ARCHS_STANDARD_64_BIT)";
				CLANG_CXX_LANGUAGE_STANDARD = "gnu++0x";
				CLANG_CXX_LIBRARY = "libc++";
				CLANG_WARN_CONSTANT_CONVERSION = YES;
				CLANG_WARN_EMPTY_BODY = YES;
				CLANG_WARN_ENUM_CONVERSION = YES;
				CLANG_WARN_INT_CONVERSION = YES;
				CLANG_WARN__DUPLICATE_METHOD_MATCH = YES;
				COPY_PHASE_STRIP = YES;
				DEBUG_INFORMATION_FORMAT = "dwarf-with-dsym";
				GCC_C_LANGUAGE_STANDARD = gnu99;
				GCC_ENABLE_OBJC_EXCEPTIONS = YES;
				GCC_WARN_64_TO_32_BIT_CONVERSION = YES;
				GCC_WARN_ABOUT_RETURN_TYPE = YES;
				GCC_WARN_UNINITIALIZED_AUTOS = YES;
				GCC_WARN_UNUSED_VARIABLE = YES;
				MACOSX_DEPLOYMENT_TARGET = 10.8;
				SDKROOT = macosx;
			};
			name = Release;
		};
		2E03D8EE1749EE7D003E1A15 /* Debug */ = {
			isa = XCBuildConfiguration;
			buildSettings = {
				COMBINE_HIDPI_IMAGES = YES;
				GCC_PRECOMPILE_PREFIX_HEADER = YES;
				GCC_PREFIX_HEADER = "PathFinder/PathFinder-Prefix.pch";
				INFOPLIST_FILE = "PathFinder/PathFinder-Info.plist";
				PRODUCT_NAME = "$(TARGET_NAME)";
				WRAPPER_EXTENSION = app;
			};
			name = Debug;
		};
		2E03D8EF1749EE7D003E1A15 /* Release */ = {
			isa = XCBuildConfiguration;
			buildSettings = {
				COMBINE_HIDPI_IMAGES = YES;
				GCC_PRECOMPILE_PREFIX_HEADER = YES;
				GCC_PREFIX_HEADER = "PathFinder/PathFinder-Prefix.pch";
				INFOPLIST_FILE = "PathFinder/PathFinder-Info.plist";
				PRODUCT_NAME = "$(TARGET_NAME)";
				WRAPPER_EXTENSION = app;
			};
			name = Release;
		};
/* End XCBuildConfiguration section */

/* Begin XCConfigurationList section */
		2E03D8CB1749EE7D003E1A15 /* Build configuration list for PBXProject "PathFinder" */ = {
			isa = XCConfigurationList;
			buildConfigurations = (
				2E03D8EB1749EE7D003E1A15 /* Debug */,
				2E03D8EC1749EE7D003E1A15 /* Release */,
			);
			defaultConfigurationIsVisible = 0;
			defaultConfigurationName = Release;
		};
		2E03D8ED1749EE7D003E1A15 /* Build configuration list for PBXNativeTarget "PathFinder" */ = {
			isa = XCConfigurationList;
			buildConfigurations = (
				2E03D8EE1749EE7D003E1A15 /* Debug */,
				2E03D8EF1749EE7D003E1A15 /* Release */,
			);
			defaultConfigurationIsVisible = 0;
			defaultConfigurationName = Release;
		};
/* End XCConfigurationList section */
	};
	rootObject = 2E03D8C81749EE7D003E1A15 /* Project object */;
}
